
Microsoft Visual Studio Solution File, Format Version 12.00
# Visual Studio 2013
VisualStudioVersion = 12.0.40629.0
MinimumVisualStudioVersion = 10.0.40219.1
Project("{FAE04EC0-301F-11D3-BF4B-00C04F79EFBC}") = "GradProjectV5", "GradProjectV5\GradProjectV5.csproj", "{56370A5E-9FC0-4AB7-8D70-7FA221C148CC}"
EndProject
Global
	GlobalSection(SolutionConfigurationPlatforms) = preSolution
		Debug|Any CPU = Debug|Any CPU
		Release|Any CPU = Release|Any CPU
	EndGlobalSection
	GlobalSection(ProjectConfigurationPlatforms) = postSolution
		{56370A5E-9FC0-4AB7-8D70-7FA221C148CC}.Debug|Any CPU.ActiveCfg = Debug|Any CPU
		{56370A5E-9FC0-4AB7-8D70-7FA221C148CC}.Debug|Any CPU.Build.0 = Debug|Any CPU
		{56370A5E-9FC0-4AB7-8D70-7FA221C148CC}.Release|Any CPU.ActiveCfg = Release|Any CPU
		{56370A5E-9FC0-4AB7-8D70-7FA221C148CC}.Release|Any CPU.Build.0 = Release|Any CPU
	EndGlobalSection
	GlobalSection(SolutionProperties) = preSolution
		HideSolutionNode = FALSE
	EndGlobalSection
EndGlobal
